
Microsoft Visual Studio Solution File, Format Version 12.00
# Visual Studio Version 17
VisualStudioVersion = 17.14.36429.23
MinimumVisualStudioVersion = 10.0.40219.1
Project("{2150E333-8FDC-42A3-9474-1A3956D46DE8}") = "Task1", "Task1", "{02EA681E-C7D8-13C7-8484-4AC65E1B71E8}"
EndProject
Project("{FAE04EC0-301F-11D3-BF4B-00C04F79EFBC}") = "Tyuiu.SvaykinVE.Sprint1.Task0.V21", "Tyuiu.SvaykinVE.Sprint1.Task0.V21\Tyuiu.SvaykinVE.Sprint1.Task0.V21.csproj", "{0ACD9FED-BE13-42E3-BB10-5EDBE85BE614}"
EndProject
Project("{FAE04EC0-301F-11D3-BF4B-00C04F79EFBC}") = "Tyuiu.SvaykinVE.Sprint1.Task0.V21.Lib", "Tyuiu.SvaykinVE.Sprint1.Task0.V21.Lib\Tyuiu.SvaykinVE.Sprint1.Task0.V21.Lib.csproj", "{9CE3851E-8424-4E0C-BF8E-C0914B01FD96}"
EndProject
Project("{FAE04EC0-301F-11D3-BF4B-00C04F79EFBC}") = "Tyuiu.SvaykinVE.Sprint1.Task0.V21.Test", "Tyuiu.SvaykinVE.Sprint1.Task0.V21.Test\Tyuiu.SvaykinVE.Sprint1.Task0.V21.Test.csproj", "{BAE5E362-71FE-445B-B3F0-20514F885C7E}"
EndProject
Global
	GlobalSection(SolutionConfigurationPlatforms) = preSolution
		Debug|Any CPU = Debug|Any CPU
		Release|Any CPU = Release|Any CPU
	EndGlobalSection
	GlobalSection(ProjectConfigurationPlatforms) = postSolution
		{0ACD9FED-BE13-42E3-BB10-5EDBE85BE614}.Debug|Any CPU.ActiveCfg = Debug|Any CPU
		{0ACD9FED-BE13-42E3-BB10-5EDBE85BE614}.Debug|Any CPU.Build.0 = Debug|Any CPU
		{0ACD9FED-BE13-42E3-BB10-5EDBE85BE614}.Release|Any CPU.ActiveCfg = Release|Any CPU
		{0ACD9FED-BE13-42E3-BB10-5EDBE85BE614}.Release|Any CPU.Build.0 = Release|Any CPU
		{9CE3851E-8424-4E0C-BF8E-C0914B01FD96}.Debug|Any CPU.ActiveCfg = Debug|Any CPU
		{9CE3851E-8424-4E0C-BF8E-C0914B01FD96}.Debug|Any CPU.Build.0 = Debug|Any CPU
		{9CE3851E-8424-4E0C-BF8E-C0914B01FD96}.Release|Any CPU.ActiveCfg = Release|Any CPU
		{9CE3851E-8424-4E0C-BF8E-C0914B01FD96}.Release|Any CPU.Build.0 = Release|Any CPU
		{BAE5E362-71FE-445B-B3F0-20514F885C7E}.Debug|Any CPU.ActiveCfg = Debug|Any CPU
		{BAE5E362-71FE-445B-B3F0-20514F885C7E}.Debug|Any CPU.Build.0 = Debug|Any CPU
		{BAE5E362-71FE-445B-B3F0-20514F885C7E}.Release|Any CPU.ActiveCfg = Release|Any CPU
		{BAE5E362-71FE-445B-B3F0-20514F885C7E}.Release|Any CPU.Build.0 = Release|Any CPU
	EndGlobalSection
	GlobalSection(SolutionProperties) = preSolution
		HideSolutionNode = FALSE
	EndGlobalSection
	GlobalSection(NestedProjects) = preSolution
		{0ACD9FED-BE13-42E3-BB10-5EDBE85BE614} = {02EA681E-C7D8-13C7-8484-4AC65E1B71E8}
		{9CE3851E-8424-4E0C-BF8E-C0914B01FD96} = {02EA681E-C7D8-13C7-8484-4AC65E1B71E8}
		{BAE5E362-71FE-445B-B3F0-20514F885C7E} = {02EA681E-C7D8-13C7-8484-4AC65E1B71E8}
	EndGlobalSection
	GlobalSection(ExtensibilityGlobals) = postSolution
		SolutionGuid = {B1ADE5F9-DE8B-4283-83D2-3BF35309066E}
	EndGlobalSection
EndGlobal
