
Microsoft Visual Studio Solution File, Format Version 12.00
# Visual Studio Version 17
VisualStudioVersion = 17.14.36429.23
MinimumVisualStudioVersion = 10.0.40219.1
Project("{2150E333-8FDC-42A3-9474-1A3956D46DE8}") = "Task0", "Task0", "{02EA681E-C7D8-13C7-8484-4AC65E1B71E8}"
EndProject
Project("{FAE04EC0-301F-11D3-BF4B-00C04F79EFBC}") = "Tyuiu.SvaykinVE.Sprint1.Task0.V21", "Tyuiu.SvaykinVE.Sprint1.Task0.V21\Tyuiu.SvaykinVE.Sprint1.Task0.V21.csproj", "{0ACD9FED-BE13-42E3-BB10-5EDBE85BE614}"
EndProject
Project("{FAE04EC0-301F-11D3-BF4B-00C04F79EFBC}") = "Tyuiu.SvaykinVE.Sprint1.Task0.V21.Lib", "Tyuiu.SvaykinVE.Sprint1.Task0.V21.Lib\Tyuiu.SvaykinVE.Sprint1.Task0.V21.Lib.csproj", "{9CE3851E-8424-4E0C-BF8E-C0914B01FD96}"
EndProject
Project("{FAE04EC0-301F-11D3-BF4B-00C04F79EFBC}") = "Tyuiu.SvaykinVE.Sprint1.Task0.V21.Test", "Tyuiu.SvaykinVE.Sprint1.Task0.V21.Test\Tyuiu.SvaykinVE.Sprint1.Task0.V21.Test.csproj", "{BAE5E362-71FE-445B-B3F0-20514F885C7E}"
EndProject
Project("{2150E333-8FDC-42A3-9474-1A3956D46DE8}") = "Task1", "Task1", "{2EFAA2FF-F314-4099-B62A-C2514E22DF3A}"
EndProject
Project("{FAE04EC0-301F-11D3-BF4B-00C04F79EFBC}") = "Tyuiu.SvaykinVE.Sprint1.Task1.V21", "Tyuiu.SvaykinVE.Sprint1.Task1.V21\Tyuiu.SvaykinVE.Sprint1.Task1.V21.csproj", "{D2E941A1-BAD7-42A3-8EBE-7ED918AFA200}"
EndProject
Project("{FAE04EC0-301F-11D3-BF4B-00C04F79EFBC}") = "Tyuiu.SvaykinVE.Sprint1.Task1.V21.Lib", "Tyuiu.SvaykinVE.Sprint1.Task1.V21.Lib\Tyuiu.SvaykinVE.Sprint1.Task1.V21.Lib.csproj", "{3BBD7A03-6856-4120-9DAF-45214362B32D}"
EndProject
Project("{FAE04EC0-301F-11D3-BF4B-00C04F79EFBC}") = "Tyuiu.SvaykinVE.Sprint1.Task1.V21.Test", "Tyuiu.SvaykinVE.Sprint1.Task1.V21.Test\Tyuiu.SvaykinVE.Sprint1.Task1.V21.Test.csproj", "{25365A59-7577-4BA1-9254-2B744F95EED0}"
EndProject
Project("{2150E333-8FDC-42A3-9474-1A3956D46DE8}") = "Task2", "Task2", "{529D8B69-B4BE-4C43-B646-64E86D916A06}"
EndProject
Project("{FAE04EC0-301F-11D3-BF4B-00C04F79EFBC}") = "Tyuiu.SvaykinVE.Sprint1.Task2.V6", "Tyuiu.SvaykinVE.Sprint1.Task2.V6\Tyuiu.SvaykinVE.Sprint1.Task2.V6.csproj", "{F84A29F9-227F-4C8F-A084-98118A13C51C}"
EndProject
Project("{FAE04EC0-301F-11D3-BF4B-00C04F79EFBC}") = "Tyuiu.SvaykinVE.Sprint1.Task2.V6.Lib", "Tyuiu.SvaykinVE.Sprint1.Task2.V6.Lib\Tyuiu.SvaykinVE.Sprint1.Task2.V6.Lib.csproj", "{E128CBF3-F48F-4D84-9B33-C2F463D6A90D}"
EndProject
Project("{FAE04EC0-301F-11D3-BF4B-00C04F79EFBC}") = "Tyuiu.SvaykinVE.Sprint1.Task2.V6.Test", "Tyuiu.SvaykinVE.Sprint1.Task2.V6.Test\Tyuiu.SvaykinVE.Sprint1.Task2.V6.Test.csproj", "{06156464-93C7-491F-9117-07B88FC04E48}"
EndProject
Project("{2150E333-8FDC-42A3-9474-1A3956D46DE8}") = "Task3", "Task3", "{C38582C3-6FA5-4AFE-B068-388D7523E90F}"
EndProject
Project("{FAE04EC0-301F-11D3-BF4B-00C04F79EFBC}") = "Tyuiu.SvaykinVE.Sprint1.Task3.V10", "Tyuiu.SvaykinVE.Sprint1.Task3.V10\Tyuiu.SvaykinVE.Sprint1.Task3.V10.csproj", "{81F18B8B-8BEC-4C29-BC6E-45B6D69A633B}"
EndProject
Project("{FAE04EC0-301F-11D3-BF4B-00C04F79EFBC}") = "Tyuiu.SvaykinVE.Sprint1.Task3.V10.Lib", "Tyuiu.SvaykinVE.Sprint1.Task3.V10.Lib\Tyuiu.SvaykinVE.Sprint1.Task3.V10.Lib.csproj", "{F131A2D6-D125-4A2A-9BD6-88076F556ACA}"
EndProject
Project("{FAE04EC0-301F-11D3-BF4B-00C04F79EFBC}") = "Tyuiu.SvaykinVE.Sprint1.Task3.V10.Test", "Tyuiu.SvaykinVE.Sprint1.Task3.V10.Test\Tyuiu.SvaykinVE.Sprint1.Task3.V10.Test.csproj", "{A6895359-EC94-436D-AFE3-9A3E2007783F}"
EndProject
Project("{2150E333-8FDC-42A3-9474-1A3956D46DE8}") = "Task4", "Task4", "{0701CF70-08EE-43A4-9A36-C312F46F2268}"
EndProject
Project("{FAE04EC0-301F-11D3-BF4B-00C04F79EFBC}") = "Tyuiu.SvaykinVE.Sprint1.Task4.V22", "Tyuiu.SvaykinVE.Sprint1.Task4.V22\Tyuiu.SvaykinVE.Sprint1.Task4.V22.csproj", "{F8153C76-9404-4C35-9E08-64A278424EB1}"
EndProject
Project("{FAE04EC0-301F-11D3-BF4B-00C04F79EFBC}") = "Tyuiu.SvaykinVE.Sprint1.Task4.V22.Lib", "Tyuiu.SvaykinVE.Sprint1.Task4.V22.Lib\Tyuiu.SvaykinVE.Sprint1.Task4.V22.Lib.csproj", "{4CBD75D9-7112-4EB8-9498-1C6695BF3CAE}"
EndProject
Project("{FAE04EC0-301F-11D3-BF4B-00C04F79EFBC}") = "Tyuiu.SvaykinVE.Sprint1.Task4.V22.Test", "Tyuiu.SvaykinVE.Sprint1.Task4.V22.Test\Tyuiu.SvaykinVE.Sprint1.Task4.V22.Test.csproj", "{656BD52B-70A6-4197-B9F2-D34259FF894E}"
EndProject
Project("{2150E333-8FDC-42A3-9474-1A3956D46DE8}") = "Task5", "Task5", "{9828C28F-31A1-4756-9B2C-D0151657E8F1}"
EndProject
Project("{FAE04EC0-301F-11D3-BF4B-00C04F79EFBC}") = "Tyuiu.SvaykinVE.Sprint1.Task5.V2", "Tyuiu.SvaykinVE.Sprint1.Task5.V2\Tyuiu.SvaykinVE.Sprint1.Task5.V2.csproj", "{189C1E47-1867-4F45-8CC0-60D97D21C41D}"
EndProject
Project("{FAE04EC0-301F-11D3-BF4B-00C04F79EFBC}") = "Tyuiu.SvaykinVE.Sprint1.Task5.V2.Lib", "Tyuiu.SvaykinVE.Sprint1.Task5.V2.Lib\Tyuiu.SvaykinVE.Sprint1.Task5.V2.Lib.csproj", "{642CC52E-C5F0-40A8-8985-9DF964CF2D07}"
EndProject
Project("{FAE04EC0-301F-11D3-BF4B-00C04F79EFBC}") = "Tyuiu.SvaykinVE.Sprint1.Task5.V2.Test", "Tyuiu.SvaykinVE.Sprint1.Task5.V2.Test\Tyuiu.SvaykinVE.Sprint1.Task5.V2.Test.csproj", "{F2880E0B-31A7-47F2-88EF-1155F49EC9CF}"
EndProject
Project("{2150E333-8FDC-42A3-9474-1A3956D46DE8}") = "Task6", "Task6", "{F6722F10-7B27-45C7-8605-94770AD649D5}"
EndProject
Project("{FAE04EC0-301F-11D3-BF4B-00C04F79EFBC}") = "Tyuiu.SvaykinVE.Sprint1.Task6.V3", "Tyuiu.SvaykinVE.Sprint1.Task6.V3\Tyuiu.SvaykinVE.Sprint1.Task6.V3.csproj", "{D391191C-B6EC-41F7-AF3F-F2C63A0B8BED}"
EndProject
Project("{FAE04EC0-301F-11D3-BF4B-00C04F79EFBC}") = "Tyuiu.SvaykinVE.Sprint1.Task6.V3.Lib", "Tyuiu.SvaykinVE.Sprint1.Task6.V3.Lib\Tyuiu.SvaykinVE.Sprint1.Task6.V3.Lib.csproj", "{FC0746AA-CF95-481E-9886-4EA070ABBABF}"
EndProject
Project("{FAE04EC0-301F-11D3-BF4B-00C04F79EFBC}") = "Tyuiu.SvaykinVE.Sprint1.Task6.V3.Test", "Tyuiu.SvaykinVE.Sprint1.Task6.V3.Test\Tyuiu.SvaykinVE.Sprint1.Task6.V3.Test.csproj", "{4434BBF9-330C-491B-87AB-3299BEDC559E}"
EndProject
Project("{2150E333-8FDC-42A3-9474-1A3956D46DE8}") = "Task7", "Task7", "{03A574CC-E2F8-4F85-9D4D-F4978EDB13D1}"
EndProject
Project("{FAE04EC0-301F-11D3-BF4B-00C04F79EFBC}") = "Tyuiu.SvaykinVE.Sprint1.Task7.V25", "Tyuiu.SvaykinVE.Sprint1.Task7.V25\Tyuiu.SvaykinVE.Sprint1.Task7.V25.csproj", "{94E75E73-D80C-4EB9-972F-33B4CD569772}"
EndProject
Project("{FAE04EC0-301F-11D3-BF4B-00C04F79EFBC}") = "Tyuiu.SvaykinVE.Sprint1.Task7.V25.Lib", "Tyuiu.SvaykinVE.Sprint1.Task7.V25.Lib\Tyuiu.SvaykinVE.Sprint1.Task7.V25.Lib.csproj", "{07F6E38D-8962-4F05-9399-0C440D24195A}"
EndProject
Project("{FAE04EC0-301F-11D3-BF4B-00C04F79EFBC}") = "Tyuiu.SvaykinVE.Sprint1.Task7.V25.Test", "Tyuiu.SvaykinVE.Sprint1.Task7.V25.Test\Tyuiu.SvaykinVE.Sprint1.Task7.V25.Test.csproj", "{9F39C84D-FC28-4B08-8954-7E1727488307}"
EndProject
Global
	GlobalSection(SolutionConfigurationPlatforms) = preSolution
		Debug|Any CPU = Debug|Any CPU
		Release|Any CPU = Release|Any CPU
	EndGlobalSection
	GlobalSection(ProjectConfigurationPlatforms) = postSolution
		{0ACD9FED-BE13-42E3-BB10-5EDBE85BE614}.Debug|Any CPU.ActiveCfg = Debug|Any CPU
		{0ACD9FED-BE13-42E3-BB10-5EDBE85BE614}.Debug|Any CPU.Build.0 = Debug|Any CPU
		{0ACD9FED-BE13-42E3-BB10-5EDBE85BE614}.Release|Any CPU.ActiveCfg = Release|Any CPU
		{0ACD9FED-BE13-42E3-BB10-5EDBE85BE614}.Release|Any CPU.Build.0 = Release|Any CPU
		{9CE3851E-8424-4E0C-BF8E-C0914B01FD96}.Debug|Any CPU.ActiveCfg = Debug|Any CPU
		{9CE3851E-8424-4E0C-BF8E-C0914B01FD96}.Debug|Any CPU.Build.0 = Debug|Any CPU
		{9CE3851E-8424-4E0C-BF8E-C0914B01FD96}.Release|Any CPU.ActiveCfg = Release|Any CPU
		{9CE3851E-8424-4E0C-BF8E-C0914B01FD96}.Release|Any CPU.Build.0 = Release|Any CPU
		{BAE5E362-71FE-445B-B3F0-20514F885C7E}.Debug|Any CPU.ActiveCfg = Debug|Any CPU
		{BAE5E362-71FE-445B-B3F0-20514F885C7E}.Debug|Any CPU.Build.0 = Debug|Any CPU
		{BAE5E362-71FE-445B-B3F0-20514F885C7E}.Release|Any CPU.ActiveCfg = Release|Any CPU
		{BAE5E362-71FE-445B-B3F0-20514F885C7E}.Release|Any CPU.Build.0 = Release|Any CPU
		{D2E941A1-BAD7-42A3-8EBE-7ED918AFA200}.Debug|Any CPU.ActiveCfg = Debug|Any CPU
		{D2E941A1-BAD7-42A3-8EBE-7ED918AFA200}.Debug|Any CPU.Build.0 = Debug|Any CPU
		{D2E941A1-BAD7-42A3-8EBE-7ED918AFA200}.Release|Any CPU.ActiveCfg = Release|Any CPU
		{D2E941A1-BAD7-42A3-8EBE-7ED918AFA200}.Release|Any CPU.Build.0 = Release|Any CPU
		{3BBD7A03-6856-4120-9DAF-45214362B32D}.Debug|Any CPU.ActiveCfg = Debug|Any CPU
		{3BBD7A03-6856-4120-9DAF-45214362B32D}.Debug|Any CPU.Build.0 = Debug|Any CPU
		{3BBD7A03-6856-4120-9DAF-45214362B32D}.Release|Any CPU.ActiveCfg = Release|Any CPU
		{3BBD7A03-6856-4120-9DAF-45214362B32D}.Release|Any CPU.Build.0 = Release|Any CPU
		{25365A59-7577-4BA1-9254-2B744F95EED0}.Debug|Any CPU.ActiveCfg = Debug|Any CPU
		{25365A59-7577-4BA1-9254-2B744F95EED0}.Debug|Any CPU.Build.0 = Debug|Any CPU
		{25365A59-7577-4BA1-9254-2B744F95EED0}.Release|Any CPU.ActiveCfg = Release|Any CPU
		{25365A59-7577-4BA1-9254-2B744F95EED0}.Release|Any CPU.Build.0 = Release|Any CPU
		{F84A29F9-227F-4C8F-A084-98118A13C51C}.Debug|Any CPU.ActiveCfg = Debug|Any CPU
		{F84A29F9-227F-4C8F-A084-98118A13C51C}.Debug|Any CPU.Build.0 = Debug|Any CPU
		{F84A29F9-227F-4C8F-A084-98118A13C51C}.Release|Any CPU.ActiveCfg = Release|Any CPU
		{F84A29F9-227F-4C8F-A084-98118A13C51C}.Release|Any CPU.Build.0 = Release|Any CPU
		{E128CBF3-F48F-4D84-9B33-C2F463D6A90D}.Debug|Any CPU.ActiveCfg = Debug|Any CPU
		{E128CBF3-F48F-4D84-9B33-C2F463D6A90D}.Debug|Any CPU.Build.0 = Debug|Any CPU
		{E128CBF3-F48F-4D84-9B33-C2F463D6A90D}.Release|Any CPU.ActiveCfg = Release|Any CPU
		{E128CBF3-F48F-4D84-9B33-C2F463D6A90D}.Release|Any CPU.Build.0 = Release|Any CPU
		{06156464-93C7-491F-9117-07B88FC04E48}.Debug|Any CPU.ActiveCfg = Debug|Any CPU
		{06156464-93C7-491F-9117-07B88FC04E48}.Debug|Any CPU.Build.0 = Debug|Any CPU
		{06156464-93C7-491F-9117-07B88FC04E48}.Release|Any CPU.ActiveCfg = Release|Any CPU
		{06156464-93C7-491F-9117-07B88FC04E48}.Release|Any CPU.Build.0 = Release|Any CPU
		{81F18B8B-8BEC-4C29-BC6E-45B6D69A633B}.Debug|Any CPU.ActiveCfg = Debug|Any CPU
		{81F18B8B-8BEC-4C29-BC6E-45B6D69A633B}.Debug|Any CPU.Build.0 = Debug|Any CPU
		{81F18B8B-8BEC-4C29-BC6E-45B6D69A633B}.Release|Any CPU.ActiveCfg = Release|Any CPU
		{81F18B8B-8BEC-4C29-BC6E-45B6D69A633B}.Release|Any CPU.Build.0 = Release|Any CPU
		{F131A2D6-D125-4A2A-9BD6-88076F556ACA}.Debug|Any CPU.ActiveCfg = Debug|Any CPU
		{F131A2D6-D125-4A2A-9BD6-88076F556ACA}.Debug|Any CPU.Build.0 = Debug|Any CPU
		{F131A2D6-D125-4A2A-9BD6-88076F556ACA}.Release|Any CPU.ActiveCfg = Release|Any CPU
		{F131A2D6-D125-4A2A-9BD6-88076F556ACA}.Release|Any CPU.Build.0 = Release|Any CPU
		{A6895359-EC94-436D-AFE3-9A3E2007783F}.Debug|Any CPU.ActiveCfg = Debug|Any CPU
		{A6895359-EC94-436D-AFE3-9A3E2007783F}.Debug|Any CPU.Build.0 = Debug|Any CPU
		{A6895359-EC94-436D-AFE3-9A3E2007783F}.Release|Any CPU.ActiveCfg = Release|Any CPU
		{A6895359-EC94-436D-AFE3-9A3E2007783F}.Release|Any CPU.Build.0 = Release|Any CPU
		{F8153C76-9404-4C35-9E08-64A278424EB1}.Debug|Any CPU.ActiveCfg = Debug|Any CPU
		{F8153C76-9404-4C35-9E08-64A278424EB1}.Debug|Any CPU.Build.0 = Debug|Any CPU
		{F8153C76-9404-4C35-9E08-64A278424EB1}.Release|Any CPU.ActiveCfg = Release|Any CPU
		{F8153C76-9404-4C35-9E08-64A278424EB1}.Release|Any CPU.Build.0 = Release|Any CPU
		{4CBD75D9-7112-4EB8-9498-1C6695BF3CAE}.Debug|Any CPU.ActiveCfg = Debug|Any CPU
		{4CBD75D9-7112-4EB8-9498-1C6695BF3CAE}.Debug|Any CPU.Build.0 = Debug|Any CPU
		{4CBD75D9-7112-4EB8-9498-1C6695BF3CAE}.Release|Any CPU.ActiveCfg = Release|Any CPU
		{4CBD75D9-7112-4EB8-9498-1C6695BF3CAE}.Release|Any CPU.Build.0 = Release|Any CPU
		{656BD52B-70A6-4197-B9F2-D34259FF894E}.Debug|Any CPU.ActiveCfg = Debug|Any CPU
		{656BD52B-70A6-4197-B9F2-D34259FF894E}.Debug|Any CPU.Build.0 = Debug|Any CPU
		{656BD52B-70A6-4197-B9F2-D34259FF894E}.Release|Any CPU.ActiveCfg = Release|Any CPU
		{656BD52B-70A6-4197-B9F2-D34259FF894E}.Release|Any CPU.Build.0 = Release|Any CPU
		{189C1E47-1867-4F45-8CC0-60D97D21C41D}.Debug|Any CPU.ActiveCfg = Debug|Any CPU
		{189C1E47-1867-4F45-8CC0-60D97D21C41D}.Debug|Any CPU.Build.0 = Debug|Any CPU
		{189C1E47-1867-4F45-8CC0-60D97D21C41D}.Release|Any CPU.ActiveCfg = Release|Any CPU
		{189C1E47-1867-4F45-8CC0-60D97D21C41D}.Release|Any CPU.Build.0 = Release|Any CPU
		{642CC52E-C5F0-40A8-8985-9DF964CF2D07}.Debug|Any CPU.ActiveCfg = Debug|Any CPU
		{642CC52E-C5F0-40A8-8985-9DF964CF2D07}.Debug|Any CPU.Build.0 = Debug|Any CPU
		{642CC52E-C5F0-40A8-8985-9DF964CF2D07}.Release|Any CPU.ActiveCfg = Release|Any CPU
		{642CC52E-C5F0-40A8-8985-9DF964CF2D07}.Release|Any CPU.Build.0 = Release|Any CPU
		{F2880E0B-31A7-47F2-88EF-1155F49EC9CF}.Debug|Any CPU.ActiveCfg = Debug|Any CPU
		{F2880E0B-31A7-47F2-88EF-1155F49EC9CF}.Debug|Any CPU.Build.0 = Debug|Any CPU
		{F2880E0B-31A7-47F2-88EF-1155F49EC9CF}.Release|Any CPU.ActiveCfg = Release|Any CPU
		{F2880E0B-31A7-47F2-88EF-1155F49EC9CF}.Release|Any CPU.Build.0 = Release|Any CPU
		{D391191C-B6EC-41F7-AF3F-F2C63A0B8BED}.Debug|Any CPU.ActiveCfg = Debug|Any CPU
		{D391191C-B6EC-41F7-AF3F-F2C63A0B8BED}.Debug|Any CPU.Build.0 = Debug|Any CPU
		{D391191C-B6EC-41F7-AF3F-F2C63A0B8BED}.Release|Any CPU.ActiveCfg = Release|Any CPU
		{D391191C-B6EC-41F7-AF3F-F2C63A0B8BED}.Release|Any CPU.Build.0 = Release|Any CPU
		{FC0746AA-CF95-481E-9886-4EA070ABBABF}.Debug|Any CPU.ActiveCfg = Debug|Any CPU
		{FC0746AA-CF95-481E-9886-4EA070ABBABF}.Debug|Any CPU.Build.0 = Debug|Any CPU
		{FC0746AA-CF95-481E-9886-4EA070ABBABF}.Release|Any CPU.ActiveCfg = Release|Any CPU
		{FC0746AA-CF95-481E-9886-4EA070ABBABF}.Release|Any CPU.Build.0 = Release|Any CPU
		{4434BBF9-330C-491B-87AB-3299BEDC559E}.Debug|Any CPU.ActiveCfg = Debug|Any CPU
		{4434BBF9-330C-491B-87AB-3299BEDC559E}.Debug|Any CPU.Build.0 = Debug|Any CPU
		{4434BBF9-330C-491B-87AB-3299BEDC559E}.Release|Any CPU.ActiveCfg = Release|Any CPU
		{4434BBF9-330C-491B-87AB-3299BEDC559E}.Release|Any CPU.Build.0 = Release|Any CPU
		{94E75E73-D80C-4EB9-972F-33B4CD569772}.Debug|Any CPU.ActiveCfg = Debug|Any CPU
		{94E75E73-D80C-4EB9-972F-33B4CD569772}.Debug|Any CPU.Build.0 = Debug|Any CPU
		{94E75E73-D80C-4EB9-972F-33B4CD569772}.Release|Any CPU.ActiveCfg = Release|Any CPU
		{94E75E73-D80C-4EB9-972F-33B4CD569772}.Release|Any CPU.Build.0 = Release|Any CPU
		{07F6E38D-8962-4F05-9399-0C440D24195A}.Debug|Any CPU.ActiveCfg = Debug|Any CPU
		{07F6E38D-8962-4F05-9399-0C440D24195A}.Debug|Any CPU.Build.0 = Debug|Any CPU
		{07F6E38D-8962-4F05-9399-0C440D24195A}.Release|Any CPU.ActiveCfg = Release|Any CPU
		{07F6E38D-8962-4F05-9399-0C440D24195A}.Release|Any CPU.Build.0 = Release|Any CPU
		{9F39C84D-FC28-4B08-8954-7E1727488307}.Debug|Any CPU.ActiveCfg = Debug|Any CPU
		{9F39C84D-FC28-4B08-8954-7E1727488307}.Debug|Any CPU.Build.0 = Debug|Any CPU
		{9F39C84D-FC28-4B08-8954-7E1727488307}.Release|Any CPU.ActiveCfg = Release|Any CPU
		{9F39C84D-FC28-4B08-8954-7E1727488307}.Release|Any CPU.Build.0 = Release|Any CPU
	EndGlobalSection
	GlobalSection(SolutionProperties) = preSolution
		HideSolutionNode = FALSE
	EndGlobalSection
	GlobalSection(NestedProjects) = preSolution
		{0ACD9FED-BE13-42E3-BB10-5EDBE85BE614} = {02EA681E-C7D8-13C7-8484-4AC65E1B71E8}
		{9CE3851E-8424-4E0C-BF8E-C0914B01FD96} = {02EA681E-C7D8-13C7-8484-4AC65E1B71E8}
		{BAE5E362-71FE-445B-B3F0-20514F885C7E} = {02EA681E-C7D8-13C7-8484-4AC65E1B71E8}
		{D2E941A1-BAD7-42A3-8EBE-7ED918AFA200} = {2EFAA2FF-F314-4099-B62A-C2514E22DF3A}
		{3BBD7A03-6856-4120-9DAF-45214362B32D} = {2EFAA2FF-F314-4099-B62A-C2514E22DF3A}
		{25365A59-7577-4BA1-9254-2B744F95EED0} = {2EFAA2FF-F314-4099-B62A-C2514E22DF3A}
		{F84A29F9-227F-4C8F-A084-98118A13C51C} = {529D8B69-B4BE-4C43-B646-64E86D916A06}
		{E128CBF3-F48F-4D84-9B33-C2F463D6A90D} = {529D8B69-B4BE-4C43-B646-64E86D916A06}
		{06156464-93C7-491F-9117-07B88FC04E48} = {529D8B69-B4BE-4C43-B646-64E86D916A06}
		{81F18B8B-8BEC-4C29-BC6E-45B6D69A633B} = {C38582C3-6FA5-4AFE-B068-388D7523E90F}
		{F131A2D6-D125-4A2A-9BD6-88076F556ACA} = {C38582C3-6FA5-4AFE-B068-388D7523E90F}
		{A6895359-EC94-436D-AFE3-9A3E2007783F} = {C38582C3-6FA5-4AFE-B068-388D7523E90F}
		{F8153C76-9404-4C35-9E08-64A278424EB1} = {0701CF70-08EE-43A4-9A36-C312F46F2268}
		{4CBD75D9-7112-4EB8-9498-1C6695BF3CAE} = {0701CF70-08EE-43A4-9A36-C312F46F2268}
		{656BD52B-70A6-4197-B9F2-D34259FF894E} = {0701CF70-08EE-43A4-9A36-C312F46F2268}
		{189C1E47-1867-4F45-8CC0-60D97D21C41D} = {9828C28F-31A1-4756-9B2C-D0151657E8F1}
		{642CC52E-C5F0-40A8-8985-9DF964CF2D07} = {9828C28F-31A1-4756-9B2C-D0151657E8F1}
		{F2880E0B-31A7-47F2-88EF-1155F49EC9CF} = {9828C28F-31A1-4756-9B2C-D0151657E8F1}
		{D391191C-B6EC-41F7-AF3F-F2C63A0B8BED} = {F6722F10-7B27-45C7-8605-94770AD649D5}
		{FC0746AA-CF95-481E-9886-4EA070ABBABF} = {F6722F10-7B27-45C7-8605-94770AD649D5}
		{4434BBF9-330C-491B-87AB-3299BEDC559E} = {F6722F10-7B27-45C7-8605-94770AD649D5}
		{94E75E73-D80C-4EB9-972F-33B4CD569772} = {03A574CC-E2F8-4F85-9D4D-F4978EDB13D1}
		{07F6E38D-8962-4F05-9399-0C440D24195A} = {03A574CC-E2F8-4F85-9D4D-F4978EDB13D1}
		{9F39C84D-FC28-4B08-8954-7E1727488307} = {03A574CC-E2F8-4F85-9D4D-F4978EDB13D1}
	EndGlobalSection
	GlobalSection(ExtensibilityGlobals) = postSolution
		SolutionGuid = {B1ADE5F9-DE8B-4283-83D2-3BF35309066E}
	EndGlobalSection
EndGlobal
